
Microsoft Visual Studio Solution File, Format Version 12.00
# Visual Studio Version 16
VisualStudioVersion = 16.0.30711.63
MinimumVisualStudioVersion = 10.0.40219.1
Project("{FAE04EC0-301F-11D3-BF4B-00C04F79EFBC}") = "photomask", "photomask.csproj", "{5C11C0C8-94E4-4CE9-947D-05A12957CE0C}"
EndProject
Global
	GlobalSection(SolutionConfigurationPlatforms) = preSolution
		Debug|Any CPU = Debug|Any CPU
		Release|Any CPU = Release|Any CPU
	EndGlobalSection
	GlobalSection(ProjectConfigurationPlatforms) = postSolution
		{5C11C0C8-94E4-4CE9-947D-05A12957CE0C}.Debug|Any CPU.ActiveCfg = Debug|Any CPU
		{5C11C0C8-94E4-4CE9-947D-05A12957CE0C}.Debug|Any CPU.Build.0 = Debug|Any CPU
		{5C11C0C8-94E4-4CE9-947D-05A12957CE0C}.Release|Any CPU.ActiveCfg = Release|Any CPU
		{5C11C0C8-94E4-4CE9-947D-05A12957CE0C}.Release|Any CPU.Build.0 = Release|Any CPU
	EndGlobalSection
	GlobalSection(SolutionProperties) = preSolution
		HideSolutionNode = FALSE
	EndGlobalSection
	GlobalSection(ExtensibilityGlobals) = postSolution
		SolutionGuid = {4B19DD38-C5BA-4AA8-AC19-BFCE7B786B02}
	EndGlobalSection
EndGlobal
